
Microsoft Visual Studio Solution File, Format Version 12.00
# Visual Studio Version 16
VisualStudioVersion = 16.0.33214.272
MinimumVisualStudioVersion = 10.0.40219.1
Project("{9A19103F-16F7-4668-BE54-9A1E7A4F7556}") = "EEIP", "EEIP\EEIP.csproj", "{FE828B24-5E19-41A0-9349-999A83686B84}"
EndProject
Project("{54435603-DBB4-11D2-8724-00A0C9A8B90C}") = "EEIP Setup", "EEIP Setup\EEIP Setup.vdproj", "{C40FCA6B-83B5-4DB6-BF9B-6F24ACD8C0C8}"
EndProject
Global
	GlobalSection(SolutionConfigurationPlatforms) = preSolution
		Debug|Any CPU = Debug|Any CPU
		Release|Any CPU = Release|Any CPU
	EndGlobalSection
	GlobalSection(ProjectConfigurationPlatforms) = postSolution
		{FE828B24-5E19-41A0-9349-999A83686B84}.Debug|Any CPU.ActiveCfg = Debug|Any CPU
		{FE828B24-5E19-41A0-9349-999A83686B84}.Debug|Any CPU.Build.0 = Debug|Any CPU
		{FE828B24-5E19-41A0-9349-999A83686B84}.Release|Any CPU.ActiveCfg = Release|Any CPU
		{FE828B24-5E19-41A0-9349-999A83686B84}.Release|Any CPU.Build.0 = Release|Any CPU
		{C40FCA6B-83B5-4DB6-BF9B-6F24ACD8C0C8}.Debug|Any CPU.ActiveCfg = Debug
		{C40FCA6B-83B5-4DB6-BF9B-6F24ACD8C0C8}.Release|Any CPU.ActiveCfg = Release
	EndGlobalSection
	GlobalSection(SolutionProperties) = preSolution
		HideSolutionNode = FALSE
	EndGlobalSection
	GlobalSection(ExtensibilityGlobals) = postSolution
		SolutionGuid = {2258FCA7-61A2-4C6A-A8B4-7D4244513135}
	EndGlobalSection
EndGlobal
